
Microsoft Visual Studio Solution File, Format Version 12.00
# Visual Studio 15
VisualStudioVersion = 15.0.28307.2092
MinimumVisualStudioVersion = 10.0.40219.1
Project("{FAE04EC0-301F-11D3-BF4B-00C04F79EFBC}") = "Otel_01", "Otel_01\Otel_01.csproj", "{C383B0ED-CE74-47ED-A7B8-A4C9B1D6702F}"
EndProject
Global
	GlobalSection(SolutionConfigurationPlatforms) = preSolution
		Debug|Any CPU = Debug|Any CPU
		Release|Any CPU = Release|Any CPU
	EndGlobalSection
	GlobalSection(ProjectConfigurationPlatforms) = postSolution
		{C383B0ED-CE74-47ED-A7B8-A4C9B1D6702F}.Debug|Any CPU.ActiveCfg = Debug|Any CPU
		{C383B0ED-CE74-47ED-A7B8-A4C9B1D6702F}.Debug|Any CPU.Build.0 = Debug|Any CPU
		{C383B0ED-CE74-47ED-A7B8-A4C9B1D6702F}.Release|Any CPU.ActiveCfg = Release|Any CPU
		{C383B0ED-CE74-47ED-A7B8-A4C9B1D6702F}.Release|Any CPU.Build.0 = Release|Any CPU
	EndGlobalSection
	GlobalSection(SolutionProperties) = preSolution
		HideSolutionNode = FALSE
	EndGlobalSection
	GlobalSection(ExtensibilityGlobals) = postSolution
		SolutionGuid = {675D4178-B124-4D5C-B384-0E66E1322A43}
	EndGlobalSection
EndGlobal
