
Microsoft Visual Studio Solution File, Format Version 12.00
# Visual Studio 15
VisualStudioVersion = 15.0.28307.2092
MinimumVisualStudioVersion = 10.0.40219.1
Project("{FAE04EC0-301F-11D3-BF4B-00C04F79EFBC}") = "OtelProjeMvc", "OtelProjeMvc\OtelProjeMvc.csproj", "{9FBEE4BC-F39B-4A3D-A25F-55D99D425C89}"
EndProject
Global
	GlobalSection(SolutionConfigurationPlatforms) = preSolution
		Debug|Any CPU = Debug|Any CPU
		Release|Any CPU = Release|Any CPU
	EndGlobalSection
	GlobalSection(ProjectConfigurationPlatforms) = postSolution
		{9FBEE4BC-F39B-4A3D-A25F-55D99D425C89}.Debug|Any CPU.ActiveCfg = Debug|Any CPU
		{9FBEE4BC-F39B-4A3D-A25F-55D99D425C89}.Debug|Any CPU.Build.0 = Debug|Any CPU
		{9FBEE4BC-F39B-4A3D-A25F-55D99D425C89}.Release|Any CPU.ActiveCfg = Release|Any CPU
		{9FBEE4BC-F39B-4A3D-A25F-55D99D425C89}.Release|Any CPU.Build.0 = Release|Any CPU
	EndGlobalSection
	GlobalSection(SolutionProperties) = preSolution
		HideSolutionNode = FALSE
	EndGlobalSection
	GlobalSection(ExtensibilityGlobals) = postSolution
		SolutionGuid = {F7D0D37D-CFE3-47D5-9679-54611E01A9D4}
	EndGlobalSection
EndGlobal
